// !$*UTF8*$!
{
	archiveVersion = 1;
	classes = {
	};
	objectVersion = 56;
	objects = {

/* Begin PBXBuildFile section */
		9BF041FE2C1A399C002CC22A /* OnboardingFlowApp.swift in Sources */ = {isa = PBXBuildFile; fileRef = 9BF041FD2C1A399C002CC22A /* OnboardingFlowApp.swift */; };
		9BF042002C1A399C002CC22A /* ContentView.swift in Sources */ = {isa = PBXBuildFile; fileRef = 9BF041FF2C1A399C002CC22A /* ContentView.swift */; };
		9BF042022C1A39A0002CC22A /* Assets.xcassets in Resources */ = {isa = PBXBuildFile; fileRef = 9BF042012C1A39A0002CC22A /* Assets.xcassets */; };
		9BF042052C1A39A0002CC22A /* Preview Assets.xcassets in Resources */ = {isa = PBXBuildFile; fileRef = 9BF042042C1A39A0002CC22A /* Preview Assets.xcassets */; };
		9BF0420F2C1A39A1002CC22A /* OnboardingFlowTests.swift in Sources */ = {isa = PBXBuildFile; fileRef = 9BF0420E2C1A39A1002CC22A /* OnboardingFlowTests.swift */; };
		9BF042192C1A39A1002CC22A /* OnboardingFlowUITests.swift in Sources */ = {isa = PBXBuildFile; fileRef = 9BF042182C1A39A1002CC22A /* OnboardingFlowUITests.swift */; };
		9BF0421B2C1A39A1002CC22A /* OnboardingFlowUITestsLaunchTests.swift in Sources */ = {isa = PBXBuildFile; fileRef = 9BF0421A2C1A39A1002CC22A /* OnboardingFlowUITestsLaunchTests.swift */; };
		9BF042282C1A3A25002CC22A /* WelcomePage.swift in Sources */ = {isa = PBXBuildFile; fileRef = 9BF042272C1A3A25002CC22A /* WelcomePage.swift */; };
		9BF0422A2C1A3C96002CC22A /* FeaturesPage.swift in Sources */ = {isa = PBXBuildFile; fileRef = 9BF042292C1A3C96002CC22A /* FeaturesPage.swift */; };
		9BF0422C2C1A3CE7002CC22A /* FeatureCard.swift in Sources */ = {isa = PBXBuildFile; fileRef = 9BF0422B2C1A3CE7002CC22A /* FeatureCard.swift */; };
/* End PBXBuildFile section */

/* Begin PBXContainerItemProxy section */
		9BF0420B2C1A39A1002CC22A /* PBXContainerItemProxy */ = {
			isa = PBXContainerItemProxy;
			containerPortal = 9BF041F22C1A399C002CC22A /* Project object */;
			proxyType = 1;
			remoteGlobalIDString = 9BF041F92C1A399C002CC22A;
			remoteInfo = OnboardingFlow;
		};
		9BF042152C1A39A1002CC22A /* PBXContainerItemProxy */ = {
			isa = PBXContainerItemProxy;
			containerPortal = 9BF041F22C1A399C002CC22A /* Project object */;
			proxyType = 1;
			remoteGlobalIDString = 9BF041F92C1A399C002CC22A;
			remoteInfo = OnboardingFlow;
		};
/* End PBXContainerItemProxy section */

/* Begin PBXFileReference section */
		9BF041FA2C1A399C002CC22A /* OnboardingFlow.app */ = {isa = PBXFileReference; explicitFileType = wrapper.application; includeInIndex = 0; path = OnboardingFlow.app; sourceTree = BUILT_PRODUCTS_DIR; };
		9BF041FD2C1A399C002CC22A /* OnboardingFlowApp.swift */ = {isa = PBXFileReference; lastKnownFileType = sourcecode.swift; path = OnboardingFlowApp.swift; sourceTree = "<group>"; };
		9BF041FF2C1A399C002CC22A /* ContentView.swift */ = {isa = PBXFileReference; lastKnownFileType = sourcecode.swift; path = ContentView.swift; sourceTree = "<group>"; };
		9BF042012C1A39A0002CC22A /* Assets.xcassets */ = {isa = PBXFileReference; lastKnownFileType = folder.assetcatalog; path = Assets.xcassets; sourceTree = "<group>"; };
		9BF042042C1A39A0002CC22A /* Preview Assets.xcassets */ = {isa = PBXFileReference; lastKnownFileType = folder.assetcatalog; path = "Preview Assets.xcassets"; sourceTree = "<group>"; };
		9BF0420A2C1A39A1002CC22A /* OnboardingFlowTests.xctest */ = {isa = PBXFileReference; explicitFileType = wrapper.cfbundle; includeInIndex = 0; path = OnboardingFlowTests.xctest; sourceTree = BUILT_PRODUCTS_DIR; };
		9BF0420E2C1A39A1002CC22A /* OnboardingFlowTests.swift */ = {isa = PBXFileReference; lastKnownFileType = sourcecode.swift; path = OnboardingFlowTests.swift; sourceTree = "<group>"; };
		9BF042142C1A39A1002CC22A /* OnboardingFlowUITests.xctest */ = {isa = PBXFileReference; explicitFileType = wrapper.cfbundle; includeInIndex = 0; path = OnboardingFlowUITests.xctest; sourceTree = BUILT_PRODUCTS_DIR; };
		9BF042182C1A39A1002CC22A /* OnboardingFlowUITests.swift */ = {isa = PBXFileReference; lastKnownFileType = sourcecode.swift; path = OnboardingFlowUITests.swift; sourceTree = "<group>"; };
		9BF0421A2C1A39A1002CC22A /* OnboardingFlowUITestsLaunchTests.swift */ = {isa = PBXFileReference; lastKnownFileType = sourcecode.swift; path = OnboardingFlowUITestsLaunchTests.swift; sourceTree = "<group>"; };
		9BF042272C1A3A25002CC22A /* WelcomePage.swift */ = {isa = PBXFileReference; lastKnownFileType = sourcecode.swift; path = WelcomePage.swift; sourceTree = "<group>"; };
		9BF042292C1A3C96002CC22A /* FeaturesPage.swift */ = {isa = PBXFileReference; lastKnownFileType = sourcecode.swift; path = FeaturesPage.swift; sourceTree = "<group>"; };
		9BF0422B2C1A3CE7002CC22A /* FeatureCard.swift */ = {isa = PBXFileReference; lastKnownFileType = sourcecode.swift; path = FeatureCard.swift; sourceTree = "<group>"; };
/* End PBXFileReference section */

/* Begin PBXFrameworksBuildPhase section */
		9BF041F72C1A399C002CC22A /* Frameworks */ = {
			isa = PBXFrameworksBuildPhase;
			buildActionMask = 2147483647;
			files = (
			);
			runOnlyForDeploymentPostprocessing = 0;
		};
		9BF042072C1A39A1002CC22A /* Frameworks */ = {
			isa = PBXFrameworksBuildPhase;
			buildActionMask = 2147483647;
			files = (
			);
			runOnlyForDeploymentPostprocessing = 0;
		};
		9BF042112C1A39A1002CC22A /* Frameworks */ = {
			isa = PBXFrameworksBuildPhase;
			buildActionMask = 2147483647;
			files = (
			);
			runOnlyForDeploymentPostprocessing = 0;
		};
/* End PBXFrameworksBuildPhase section */

/* Begin PBXGroup section */
		9BF041F12C1A399C002CC22A = {
			isa = PBXGroup;
			children = (
				9BF041FC2C1A399C002CC22A /* OnboardingFlow */,
				9BF0420D2C1A39A1002CC22A /* OnboardingFlowTests */,
				9BF042172C1A39A1002CC22A /* OnboardingFlowUITests */,
				9BF041FB2C1A399C002CC22A /* Products */,
			);
			sourceTree = "<group>";
		};
		9BF041FB2C1A399C002CC22A /* Products */ = {
			isa = PBXGroup;
			children = (
				9BF041FA2C1A399C002CC22A /* OnboardingFlow.app */,
				9BF0420A2C1A39A1002CC22A /* OnboardingFlowTests.xctest */,
				9BF042142C1A39A1002CC22A /* OnboardingFlowUITests.xctest */,
			);
			name = Products;
			sourceTree = "<group>";
		};
		9BF041FC2C1A399C002CC22A /* OnboardingFlow */ = {
			isa = PBXGroup;
			children = (
				9BF041FD2C1A399C002CC22A /* OnboardingFlowApp.swift */,
				9BF041FF2C1A399C002CC22A /* ContentView.swift */,
				9BF042272C1A3A25002CC22A /* WelcomePage.swift */,
				9BF042292C1A3C96002CC22A /* FeaturesPage.swift */,
				9BF0422B2C1A3CE7002CC22A /* FeatureCard.swift */,
				9BF042012C1A39A0002CC22A /* Assets.xcassets */,
				9BF042032C1A39A0002CC22A /* Preview Content */,
			);
			path = OnboardingFlow;
			sourceTree = "<group>";
		};
		9BF042032C1A39A0002CC22A /* Preview Content */ = {
			isa = PBXGroup;
			children = (
				9BF042042C1A39A0002CC22A /* Preview Assets.xcassets */,
			);
			path = "Preview Content";
			sourceTree = "<group>";
		};
		9BF0420D2C1A39A1002CC22A /* OnboardingFlowTests */ = {
			isa = PBXGroup;
			children = (
				9BF0420E2C1A39A1002CC22A /* OnboardingFlowTests.swift */,
			);
			path = OnboardingFlowTests;
			sourceTree = "<group>";
		};
		9BF042172C1A39A1002CC22A /* OnboardingFlowUITests */ = {
			isa = PBXGroup;
			children = (
				9BF042182C1A39A1002CC22A /* OnboardingFlowUITests.swift */,
				9BF0421A2C1A39A1002CC22A /* OnboardingFlowUITestsLaunchTests.swift */,
			);
			path = OnboardingFlowUITests;
			sourceTree = "<group>";
		};
/* End PBXGroup section */

/* Begin PBXNativeTarget section */
		9BF041F92C1A399C002CC22A /* OnboardingFlow */ = {
			isa = PBXNativeTarget;
			buildConfigurationList = 9BF0421E2C1A39A1002CC22A /* Build configuration list for PBXNativeTarget "OnboardingFlow" */;
			buildPhases = (
				9BF041F62C1A399C002CC22A /* Sources */,
				9BF041F72C1A399C002CC22A /* Frameworks */,
				9BF041F82C1A399C002CC22A /* Resources */,
			);
			buildRules = (
			);
			dependencies = (
			);
			name = OnboardingFlow;
			productName = OnboardingFlow;
			productReference = 9BF041FA2C1A399C002CC22A /* OnboardingFlow.app */;
			productType = "com.apple.product-type.application";
		};
		9BF042092C1A39A1002CC22A /* OnboardingFlowTests */ = {
			isa = PBXNativeTarget;
			buildConfigurationList = 9BF042212C1A39A1002CC22A /* Build configuration list for PBXNativeTarget "OnboardingFlowTests" */;
			buildPhases = (
				9BF042062C1A39A1002CC22A /* Sources */,
				9BF042072C1A39A1002CC22A /* Frameworks */,
				9BF042082C1A39A1002CC22A /* Resources */,
			);
			buildRules = (
			);
			dependencies = (
				9BF0420C2C1A39A1002CC22A /* PBXTargetDependency */,
			);
			name = OnboardingFlowTests;
			productName = OnboardingFlowTests;
			productReference = 9BF0420A2C1A39A1002CC22A /* OnboardingFlowTests.xctest */;
			productType = "com.apple.product-type.bundle.unit-test";
		};
		9BF042132C1A39A1002CC22A /* OnboardingFlowUITests */ = {
			isa = PBXNativeTarget;
			buildConfigurationList = 9BF042242C1A39A1002CC22A /* Build configuration list for PBXNativeTarget "OnboardingFlowUITests" */;
			buildPhases = (
				9BF042102C1A39A1002CC22A /* Sources */,
				9BF042112C1A39A1002CC22A /* Frameworks */,
				9BF042122C1A39A1002CC22A /* Resources */,
			);
			buildRules = (
			);
			dependencies = (
				9BF042162C1A39A1002CC22A /* PBXTargetDependency */,
			);
			name = OnboardingFlowUITests;
			productName = OnboardingFlowUITests;
			productReference = 9BF042142C1A39A1002CC22A /* OnboardingFlowUITests.xctest */;
			productType = "com.apple.product-type.bundle.ui-testing";
		};
/* End PBXNativeTarget section */

/* Begin PBXProject section */
		9BF041F22C1A399C002CC22A /* Project object */ = {
			isa = PBXProject;
			attributes = {
				BuildIndependentTargetsInParallel = 1;
				LastSwiftUpdateCheck = 1540;
				LastUpgradeCheck = 1540;
				TargetAttributes = {
					9BF041F92C1A399C002CC22A = {
						CreatedOnToolsVersion = 15.4;
					};
					9BF042092C1A39A1002CC22A = {
						CreatedOnToolsVersion = 15.4;
						TestTargetID = 9BF041F92C1A399C002CC22A;
					};
					9BF042132C1A39A1002CC22A = {
						CreatedOnToolsVersion = 15.4;
						TestTargetID = 9BF041F92C1A399C002CC22A;
					};
				};
			};
			buildConfigurationList = 9BF041F52C1A399C002CC22A /* Build configuration list for PBXProject "OnboardingFlow" */;
			compatibilityVersion = "Xcode 14.0";
			developmentRegion = en;
			hasScannedForEncodings = 0;
			knownRegions = (
				en,
				Base,
			);
			mainGroup = 9BF041F12C1A399C002CC22A;
			productRefGroup = 9BF041FB2C1A399C002CC22A /* Products */;
			projectDirPath = "";
			projectRoot = "";
			targets = (
				9BF041F92C1A399C002CC22A /* OnboardingFlow */,
				9BF042092C1A39A1002CC22A /* OnboardingFlowTests */,
				9BF042132C1A39A1002CC22A /* OnboardingFlowUITests */,
			);
		};
/* End PBXProject section */

/* Begin PBXResourcesBuildPhase section */
		9BF041F82C1A399C002CC22A /* Resources */ = {
			isa = PBXResourcesBuildPhase;
			buildActionMask = 2147483647;
			files = (
				9BF042052C1A39A0002CC22A /* Preview Assets.xcassets in Resources */,
				9BF042022C1A39A0002CC22A /* Assets.xcassets in Resources */,
			);
			runOnlyForDeploymentPostprocessing = 0;
		};
		9BF042082C1A39A1002CC22A /* Resources */ = {
			isa = PBXResourcesBuildPhase;
			buildActionMask = 2147483647;
			files = (
			);
			runOnlyForDeploymentPostprocessing = 0;
		};
		9BF042122C1A39A1002CC22A /* Resources */ = {
			isa = PBXResourcesBuildPhase;
			buildActionMask = 2147483647;
			files = (
			);
			runOnlyForDeploymentPostprocessing = 0;
		};
/* End PBXResourcesBuildPhase section */

/* Begin PBXSourcesBuildPhase section */
		9BF041F62C1A399C002CC22A /* Sources */ = {
			isa = PBXSourcesBuildPhase;
			buildActionMask = 2147483647;
			files = (
				9BF042282C1A3A25002CC22A /* WelcomePage.swift in Sources */,
				9BF0422A2C1A3C96002CC22A /* FeaturesPage.swift in Sources */,
				9BF042002C1A399C002CC22A /* ContentView.swift in Sources */,
				9BF041FE2C1A399C002CC22A /* OnboardingFlowApp.swift in Sources */,
				9BF0422C2C1A3CE7002CC22A /* FeatureCard.swift in Sources */,
			);
			runOnlyForDeploymentPostprocessing = 0;
		};
		9BF042062C1A39A1002CC22A /* Sources */ = {
			isa = PBXSourcesBuildPhase;
			buildActionMask = 2147483647;
			files = (
				9BF0420F2C1A39A1002CC22A /* OnboardingFlowTests.swift in Sources */,
			);
			runOnlyForDeploymentPostprocessing = 0;
		};
		9BF042102C1A39A1002CC22A /* Sources */ = {
			isa = PBXSourcesBuildPhase;
			buildActionMask = 2147483647;
			files = (
				9BF042192C1A39A1002CC22A /* OnboardingFlowUITests.swift in Sources */,
				9BF0421B2C1A39A1002CC22A /* OnboardingFlowUITestsLaunchTests.swift in Sources */,
			);
			runOnlyForDeploymentPostprocessing = 0;
		};
/* End PBXSourcesBuildPhase section */

/* Begin PBXTargetDependency section */
		9BF0420C2C1A39A1002CC22A /* PBXTargetDependency */ = {
			isa = PBXTargetDependency;
			target = 9BF041F92C1A399C002CC22A /* OnboardingFlow */;
			targetProxy = 9BF0420B2C1A39A1002CC22A /* PBXContainerItemProxy */;
		};
		9BF042162C1A39A1002CC22A /* PBXTargetDependency */ = {
			isa = PBXTargetDependency;
			target = 9BF041F92C1A399C002CC22A /* OnboardingFlow */;
			targetProxy = 9BF042152C1A39A1002CC22A /* PBXContainerItemProxy */;
		};
/* End PBXTargetDependency section */

/* Begin XCBuildConfiguration section */
		9BF0421C2C1A39A1002CC22A /* Debug */ = {
			isa = XCBuildConfiguration;
			buildSettings = {
				ALWAYS_SEARCH_USER_PATHS = NO;
				ASSETCATALOG_COMPILER_GENERATE_SWIFT_ASSET_SYMBOL_EXTENSIONS = YES;
				CLANG_ANALYZER_NONNULL = YES;
				CLANG_ANALYZER_NUMBER_OBJECT_CONVERSION = YES_AGGRESSIVE;
				CLANG_CXX_LANGUAGE_STANDARD = "gnu++20";
				CLANG_ENABLE_MODULES = YES;
				CLANG_ENABLE_OBJC_ARC = YES;
				CLANG_ENABLE_OBJC_WEAK = YES;
				CLANG_WARN_BLOCK_CAPTURE_AUTORELEASING = YES;
				CLANG_WARN_BOOL_CONVERSION = YES;
				CLANG_WARN_COMMA = YES;
				CLANG_WARN_CONSTANT_CONVERSION = YES;
				CLANG_WARN_DEPRECATED_OBJC_IMPLEMENTATIONS = YES;
				CLANG_WARN_DIRECT_OBJC_ISA_USAGE = YES_ERROR;
				CLANG_WARN_DOCUMENTATION_COMMENTS = YES;
				CLANG_WARN_EMPTY_BODY = YES;
				CLANG_WARN_ENUM_CONVERSION = YES;
				CLANG_WARN_INFINITE_RECURSION = YES;
				CLANG_WARN_INT_CONVERSION = YES;
				CLANG_WARN_NON_LITERAL_NULL_CONVERSION = YES;
				CLANG_WARN_OBJC_IMPLICIT_RETAIN_SELF = YES;
				CLANG_WARN_OBJC_LITERAL_CONVERSION = YES;
				CLANG_WARN_OBJC_ROOT_CLASS = YES_ERROR;
				CLANG_WARN_QUOTED_INCLUDE_IN_FRAMEWORK_HEADER = YES;
				CLANG_WARN_RANGE_LOOP_ANALYSIS = YES;
				CLANG_WARN_STRICT_PROTOTYPES = YES;
				CLANG_WARN_SUSPICIOUS_MOVE = YES;
				CLANG_WARN_UNGUARDED_AVAILABILITY = YES_AGGRESSIVE;
				CLANG_WARN_UNREACHABLE_CODE = YES;
				CLANG_WARN__DUPLICATE_METHOD_MATCH = YES;
				COPY_PHASE_STRIP = NO;
				DEBUG_INFORMATION_FORMAT = dwarf;
				ENABLE_STRICT_OBJC_MSGSEND = YES;
				ENABLE_TESTABILITY = YES;
				ENABLE_USER_SCRIPT_SANDBOXING = YES;
				GCC_C_LANGUAGE_STANDARD = gnu17;
				GCC_DYNAMIC_NO_PIC = NO;
				GCC_NO_COMMON_BLOCKS = YES;
				GCC_OPTIMIZATION_LEVEL = 0;
				GCC_PREPROCESSOR_DEFINITIONS = (
					"DEBUG=1",
					"$(inherited)",
				);
				GCC_WARN_64_TO_32_BIT_CONVERSION = YES;
				GCC_WARN_ABOUT_RETURN_TYPE = YES_ERROR;
				GCC_WARN_UNDECLARED_SELECTOR = YES;
				GCC_WARN_UNINITIALIZED_AUTOS = YES_AGGRESSIVE;
				GCC_WARN_UNUSED_FUNCTION = YES;
				GCC_WARN_UNUSED_VARIABLE = YES;
				IPHONEOS_DEPLOYMENT_TARGET = 17.5;
				LOCALIZATION_PREFERS_STRING_CATALOGS = YES;
				MTL_ENABLE_DEBUG_INFO = INCLUDE_SOURCE;
				MTL_FAST_MATH = YES;
				ONLY_ACTIVE_ARCH = YES;
				SDKROOT = iphoneos;
				SWIFT_ACTIVE_COMPILATION_CONDITIONS = "DEBUG $(inherited)";
				SWIFT_OPTIMIZATION_LEVEL = "-Onone";
			};
			name = Debug;
		};
		9BF0421D2C1A39A1002CC22A /* Release */ = {
			isa = XCBuildConfiguration;
			buildSettings = {
				ALWAYS_SEARCH_USER_PATHS = NO;
				ASSETCATALOG_COMPILER_GENERATE_SWIFT_ASSET_SYMBOL_EXTENSIONS = YES;
				CLANG_ANALYZER_NONNULL = YES;
				CLANG_ANALYZER_NUMBER_OBJECT_CONVERSION = YES_AGGRESSIVE;
				CLANG_CXX_LANGUAGE_STANDARD = "gnu++20";
				CLANG_ENABLE_MODULES = YES;
				CLANG_ENABLE_OBJC_ARC = YES;
				CLANG_ENABLE_OBJC_WEAK = YES;
				CLANG_WARN_BLOCK_CAPTURE_AUTORELEASING = YES;
				CLANG_WARN_BOOL_CONVERSION = YES;
				CLANG_WARN_COMMA = YES;
				CLANG_WARN_CONSTANT_CONVERSION = YES;
				CLANG_WARN_DEPRECATED_OBJC_IMPLEMENTATIONS = YES;
				CLANG_WARN_DIRECT_OBJC_ISA_USAGE = YES_ERROR;
				CLANG_WARN_DOCUMENTATION_COMMENTS = YES;
				CLANG_WARN_EMPTY_BODY = YES;
				CLANG_WARN_ENUM_CONVERSION = YES;
				CLANG_WARN_INFINITE_RECURSION = YES;
				CLANG_WARN_INT_CONVERSION = YES;
				CLANG_WARN_NON_LITERAL_NULL_CONVERSION = YES;
				CLANG_WARN_OBJC_IMPLICIT_RETAIN_SELF = YES;
				CLANG_WARN_OBJC_LITERAL_CONVERSION = YES;
				CLANG_WARN_OBJC_ROOT_CLASS = YES_ERROR;
				CLANG_WARN_QUOTED_INCLUDE_IN_FRAMEWORK_HEADER = YES;
				CLANG_WARN_RANGE_LOOP_ANALYSIS = YES;
				CLANG_WARN_STRICT_PROTOTYPES = YES;
				CLANG_WARN_SUSPICIOUS_MOVE = YES;
				CLANG_WARN_UNGUARDED_AVAILABILITY = YES_AGGRESSIVE;
				CLANG_WARN_UNREACHABLE_CODE = YES;
				CLANG_WARN__DUPLICATE_METHOD_MATCH = YES;
				COPY_PHASE_STRIP = NO;
				DEBUG_INFORMATION_FORMAT = "dwarf-with-dsym";
				ENABLE_NS_ASSERTIONS = NO;
				ENABLE_STRICT_OBJC_MSGSEND = YES;
				ENABLE_USER_SCRIPT_SANDBOXING = YES;
				GCC_C_LANGUAGE_STANDARD = gnu17;
				GCC_NO_COMMON_BLOCKS = YES;
				GCC_WARN_64_TO_32_BIT_CONVERSION = YES;
				GCC_WARN_ABOUT_RETURN_TYPE = YES_ERROR;
				GCC_WARN_UNDECLARED_SELECTOR = YES;
				GCC_WARN_UNINITIALIZED_AUTOS = YES_AGGRESSIVE;
				GCC_WARN_UNUSED_FUNCTION = YES;
				GCC_WARN_UNUSED_VARIABLE = YES;
				IPHONEOS_DEPLOYMENT_TARGET = 17.5;
				LOCALIZATION_PREFERS_STRING_CATALOGS = YES;
				MTL_ENABLE_DEBUG_INFO = NO;
				MTL_FAST_MATH = YES;
				SDKROOT = iphoneos;
				SWIFT_COMPILATION_MODE = wholemodule;
				VALIDATE_PRODUCT = YES;
			};
			name = Release;
		};
		9BF0421F2C1A39A1002CC22A /* Debug */ = {
			isa = XCBuildConfiguration;
			buildSettings = {
				ASSETCATALOG_COMPILER_APPICON_NAME = AppIcon;
				ASSETCATALOG_COMPILER_GLOBAL_ACCENT_COLOR_NAME = AccentColor;
				CODE_SIGN_STYLE = Automatic;
				CURRENT_PROJECT_VERSION = 1;
				DEVELOPMENT_ASSET_PATHS = "\"OnboardingFlow/Preview Content\"";
				ENABLE_PREVIEWS = YES;
				GENERATE_INFOPLIST_FILE = YES;
				INFOPLIST_KEY_UIApplicationSceneManifest_Generation = YES;
				INFOPLIST_KEY_UIApplicationSupportsIndirectInputEvents = YES;
				INFOPLIST_KEY_UILaunchScreen_Generation = YES;
				INFOPLIST_KEY_UISupportedInterfaceOrientations_iPad = "UIInterfaceOrientationPortrait UIInterfaceOrientationPortraitUpsideDown UIInterfaceOrientationLandscapeLeft UIInterfaceOrientationLandscapeRight";
				INFOPLIST_KEY_UISupportedInterfaceOrientations_iPhone = "UIInterfaceOrientationPortrait UIInterfaceOrientationLandscapeLeft UIInterfaceOrientationLandscapeRight";
				LD_RUNPATH_SEARCH_PATHS = (
					"$(inherited)",
					"@executable_path/Frameworks",
				);
				MARKETING_VERSION = 1.0;
				PRODUCT_BUNDLE_IDENTIFIER = name.breno.OnboardingFlow;
				PRODUCT_NAME = "$(TARGET_NAME)";
				SWIFT_EMIT_LOC_STRINGS = YES;
				SWIFT_VERSION = 5.0;
				TARGETED_DEVICE_FAMILY = "1,2";
			};
			name = Debug;
		};
		9BF042202C1A39A1002CC22A /* Release */ = {
			isa = XCBuildConfiguration;
			buildSettings = {
				ASSETCATALOG_COMPILER_APPICON_NAME = AppIcon;
				ASSETCATALOG_COMPILER_GLOBAL_ACCENT_COLOR_NAME = AccentColor;
				CODE_SIGN_STYLE = Automatic;
				CURRENT_PROJECT_VERSION = 1;
				DEVELOPMENT_ASSET_PATHS = "\"OnboardingFlow/Preview Content\"";
				ENABLE_PREVIEWS = YES;
				GENERATE_INFOPLIST_FILE = YES;
				INFOPLIST_KEY_UIApplicationSceneManifest_Generation = YES;
				INFOPLIST_KEY_UIApplicationSupportsIndirectInputEvents = YES;
				INFOPLIST_KEY_UILaunchScreen_Generation = YES;
				INFOPLIST_KEY_UISupportedInterfaceOrientations_iPad = "UIInterfaceOrientationPortrait UIInterfaceOrientationPortraitUpsideDown UIInterfaceOrientationLandscapeLeft UIInterfaceOrientationLandscapeRight";
				INFOPLIST_KEY_UISupportedInterfaceOrientations_iPhone = "UIInterfaceOrientationPortrait UIInterfaceOrientationLandscapeLeft UIInterfaceOrientationLandscapeRight";
				LD_RUNPATH_SEARCH_PATHS = (
					"$(inherited)",
					"@executable_path/Frameworks",
				);
				MARKETING_VERSION = 1.0;
				PRODUCT_BUNDLE_IDENTIFIER = name.breno.OnboardingFlow;
				PRODUCT_NAME = "$(TARGET_NAME)";
				SWIFT_EMIT_LOC_STRINGS = YES;
				SWIFT_VERSION = 5.0;
				TARGETED_DEVICE_FAMILY = "1,2";
			};
			name = Release;
		};
		9BF042222C1A39A1002CC22A /* Debug */ = {
			isa = XCBuildConfiguration;
			buildSettings = {
				ALWAYS_EMBED_SWIFT_STANDARD_LIBRARIES = YES;
				BUNDLE_LOADER = "$(TEST_HOST)";
				CODE_SIGN_STYLE = Automatic;
				CURRENT_PROJECT_VERSION = 1;
				GENERATE_INFOPLIST_FILE = YES;
				IPHONEOS_DEPLOYMENT_TARGET = 17.5;
				MARKETING_VERSION = 1.0;
				PRODUCT_BUNDLE_IDENTIFIER = name.breno.OnboardingFlowTests;
				PRODUCT_NAME = "$(TARGET_NAME)";
				SWIFT_EMIT_LOC_STRINGS = NO;
				SWIFT_VERSION = 5.0;
				TARGETED_DEVICE_FAMILY = "1,2";
				TEST_HOST = "$(BUILT_PRODUCTS_DIR)/OnboardingFlow.app/$(BUNDLE_EXECUTABLE_FOLDER_PATH)/OnboardingFlow";
			};
			name = Debug;
		};
		9BF042232C1A39A1002CC22A /* Release */ = {
			isa = XCBuildConfiguration;
			buildSettings = {
				ALWAYS_EMBED_SWIFT_STANDARD_LIBRARIES = YES;
				BUNDLE_LOADER = "$(TEST_HOST)";
				CODE_SIGN_STYLE = Automatic;
				CURRENT_PROJECT_VERSION = 1;
				GENERATE_INFOPLIST_FILE = YES;
				IPHONEOS_DEPLOYMENT_TARGET = 17.5;
				MARKETING_VERSION = 1.0;
				PRODUCT_BUNDLE_IDENTIFIER = name.breno.OnboardingFlowTests;
				PRODUCT_NAME = "$(TARGET_NAME)";
				SWIFT_EMIT_LOC_STRINGS = NO;
				SWIFT_VERSION = 5.0;
				TARGETED_DEVICE_FAMILY = "1,2";
				TEST_HOST = "$(BUILT_PRODUCTS_DIR)/OnboardingFlow.app/$(BUNDLE_EXECUTABLE_FOLDER_PATH)/OnboardingFlow";
			};
			name = Release;
		};
		9BF042252C1A39A1002CC22A /* Debug */ = {
			isa = XCBuildConfiguration;
			buildSettings = {
				ALWAYS_EMBED_SWIFT_STANDARD_LIBRARIES = YES;
				CODE_SIGN_STYLE = Automatic;
				CURRENT_PROJECT_VERSION = 1;
				GENERATE_INFOPLIST_FILE = YES;
				MARKETING_VERSION = 1.0;
				PRODUCT_BUNDLE_IDENTIFIER = name.breno.OnboardingFlowUITests;
				PRODUCT_NAME = "$(TARGET_NAME)";
				SWIFT_EMIT_LOC_STRINGS = NO;
				SWIFT_VERSION = 5.0;
				TARGETED_DEVICE_FAMILY = "1,2";
				TEST_TARGET_NAME = OnboardingFlow;
			};
			name = Debug;
		};
		9BF042262C1A39A1002CC22A /* Release */ = {
			isa = XCBuildConfiguration;
			buildSettings = {
				ALWAYS_EMBED_SWIFT_STANDARD_LIBRARIES = YES;
				CODE_SIGN_STYLE = Automatic;
				CURRENT_PROJECT_VERSION = 1;
				GENERATE_INFOPLIST_FILE = YES;
				MARKETING_VERSION = 1.0;
				PRODUCT_BUNDLE_IDENTIFIER = name.breno.OnboardingFlowUITests;
				PRODUCT_NAME = "$(TARGET_NAME)";
				SWIFT_EMIT_LOC_STRINGS = NO;
				SWIFT_VERSION = 5.0;
				TARGETED_DEVICE_FAMILY = "1,2";
				TEST_TARGET_NAME = OnboardingFlow;
			};
			name = Release;
		};
/* End XCBuildConfiguration section */

/* Begin XCConfigurationList section */
		9BF041F52C1A399C002CC22A /* Build configuration list for PBXProject "OnboardingFlow" */ = {
			isa = XCConfigurationList;
			buildConfigurations = (
				9BF0421C2C1A39A1002CC22A /* Debug */,
				9BF0421D2C1A39A1002CC22A /* Release */,
			);
			defaultConfigurationIsVisible = 0;
			defaultConfigurationName = Release;
		};
		9BF0421E2C1A39A1002CC22A /* Build configuration list for PBXNativeTarget "OnboardingFlow" */ = {
			isa = XCConfigurationList;
			buildConfigurations = (
				9BF0421F2C1A39A1002CC22A /* Debug */,
				9BF042202C1A39A1002CC22A /* Release */,
			);
			defaultConfigurationIsVisible = 0;
			defaultConfigurationName = Release;
		};
		9BF042212C1A39A1002CC22A /* Build configuration list for PBXNativeTarget "OnboardingFlowTests" */ = {
			isa = XCConfigurationList;
			buildConfigurations = (
				9BF042222C1A39A1002CC22A /* Debug */,
				9BF042232C1A39A1002CC22A /* Release */,
			);
			defaultConfigurationIsVisible = 0;
			defaultConfigurationName = Release;
		};
		9BF042242C1A39A1002CC22A /* Build configuration list for PBXNativeTarget "OnboardingFlowUITests" */ = {
			isa = XCConfigurationList;
			buildConfigurations = (
				9BF042252C1A39A1002CC22A /* Debug */,
				9BF042262C1A39A1002CC22A /* Release */,
			);
			defaultConfigurationIsVisible = 0;
			defaultConfigurationName = Release;
		};
/* End XCConfigurationList section */
	};
	rootObject = 9BF041F22C1A399C002CC22A /* Project object */;
}
